// !$*UTF8*$!
{
	archiveVersion = 1;
	classes = {
	};
	objectVersion = 46;
	objects = {

/* Begin PBXBuildFile section */
		B75029CA19C9BEFD00A4AD84 /* Foundation.framework in Frameworks */ = {isa = PBXBuildFile; fileRef = B75029C919C9BEFD00A4AD84 /* Foundation.framework */; };
		B75029CD19C9BEFD00A4AD84 /* main.m in Sources */ = {isa = PBXBuildFile; fileRef = B75029CC19C9BEFD00A4AD84 /* main.m */; };
		B75029D119C9BEFD00A4AD84 /* iPDS.1 in CopyFiles */ = {isa = PBXBuildFile; fileRef = B75029D019C9BEFD00A4AD84 /* iPDS.1 */; };
/* End PBXBuildFile section */

/* Begin PBXCopyFilesBuildPhase section */
		B75029C419C9BEFD00A4AD84 /* CopyFiles */ = {
			isa = PBXCopyFilesBuildPhase;
			buildActionMask = 2147483647;
			dstPath = /usr/share/man/man1/;
			dstSubfolderSpec = 0;
			files = (
				B75029D119C9BEFD00A4AD84 /* iPDS.1 in CopyFiles */,
			);
			runOnlyForDeploymentPostprocessing = 1;
		};
/* End PBXCopyFilesBuildPhase section */

/* Begin PBXFileReference section */
		B75029C619C9BEFD00A4AD84 /* iPDS */ = {isa = PBXFileReference; explicitFileType = "compiled.mach-o.executable"; includeInIndex = 0; path = iPDS; sourceTree = BUILT_PRODUCTS_DIR; };
		B75029C919C9BEFD00A4AD84 /* Foundation.framework */ = {isa = PBXFileReference; lastKnownFileType = wrapper.framework; name = Foundation.framework; path = System/Library/Frameworks/Foundation.framework; sourceTree = SDKROOT; };
		B75029CC19C9BEFD00A4AD84 /* main.m */ = {isa = PBXFileReference; lastKnownFileType = sourcecode.c.objc; path = main.m; sourceTree = "<group>"; };
		B75029CF19C9BEFD00A4AD84 /* iPDS-Prefix.pch */ = {isa = PBXFileReference; lastKnownFileType = sourcecode.c.h; path = "iPDS-Prefix.pch"; sourceTree = "<group>"; };
		B75029D019C9BEFD00A4AD84 /* iPDS.1 */ = {isa = PBXFileReference; lastKnownFileType = text.man; path = iPDS.1; sourceTree = "<group>"; };
/* End PBXFileReference section */

/* Begin PBXFrameworksBuildPhase section */
		B75029C319C9BEFD00A4AD84 /* Frameworks */ = {
			isa = PBXFrameworksBuildPhase;
			buildActionMask = 2147483647;
			files = (
				B75029CA19C9BEFD00A4AD84 /* Foundation.framework in Frameworks */,
			);
			runOnlyForDeploymentPostprocessing = 0;
		};
/* End PBXFrameworksBuildPhase section */

/* Begin PBXGroup section */
		B75029BD19C9BEFD00A4AD84 = {
			isa = PBXGroup;
			children = (
				B75029CB19C9BEFD00A4AD84 /* iPDS */,
				B75029C819C9BEFD00A4AD84 /* Frameworks */,
				B75029C719C9BEFD00A4AD84 /* Products */,
			);
			sourceTree = "<group>";
		};
		B75029C719C9BEFD00A4AD84 /* Products */ = {
			isa = PBXGroup;
			children = (
				B75029C619C9BEFD00A4AD84 /* iPDS */,
			);
			name = Products;
			sourceTree = "<group>";
		};
		B75029C819C9BEFD00A4AD84 /* Frameworks */ = {
			isa = PBXGroup;
			children = (
				B75029C919C9BEFD00A4AD84 /* Foundation.framework */,
			);
			name = Frameworks;
			sourceTree = "<group>";
		};
		B75029CB19C9BEFD00A4AD84 /* iPDS */ = {
			isa = PBXGroup;
			children = (
				B75029CC19C9BEFD00A4AD84 /* main.m */,
				B75029D019C9BEFD00A4AD84 /* iPDS.1 */,
				B75029CE19C9BEFD00A4AD84 /* Supporting Files */,
			);
			path = iPDS;
			sourceTree = "<group>";
		};
		B75029CE19C9BEFD00A4AD84 /* Supporting Files */ = {
			isa = PBXGroup;
			children = (
				B75029CF19C9BEFD00A4AD84 /* iPDS-Prefix.pch */,
			);
			name = "Supporting Files";
			sourceTree = "<group>";
		};
/* End PBXGroup section */

/* Begin PBXNativeTarget section */
		B75029C519C9BEFD00A4AD84 /* iPDS */ = {
			isa = PBXNativeTarget;
			buildConfigurationList = B75029D419C9BEFD00A4AD84 /* Build configuration list for PBXNativeTarget "iPDS" */;
			buildPhases = (
				B75029C219C9BEFD00A4AD84 /* Sources */,
				B75029C319C9BEFD00A4AD84 /* Frameworks */,
				B75029C419C9BEFD00A4AD84 /* CopyFiles */,
			);
			buildRules = (
			);
			dependencies = (
			);
			name = iPDS;
			productName = iPDS;
			productReference = B75029C619C9BEFD00A4AD84 /* iPDS */;
			productType = "com.apple.product-type.tool";
		};
/* End PBXNativeTarget section */

/* Begin PBXProject section */
		B75029BE19C9BEFD00A4AD84 /* Project object */ = {
			isa = PBXProject;
			attributes = {
				LastUpgradeCheck = 0510;
				ORGANIZATIONNAME = xinlan;
			};
			buildConfigurationList = B75029C119C9BEFD00A4AD84 /* Build configuration list for PBXProject "iPDS" */;
			compatibilityVersion = "Xcode 3.2";
			developmentRegion = English;
			hasScannedForEncodings = 0;
			knownRegions = (
				en,
			);
			mainGroup = B75029BD19C9BEFD00A4AD84;
			productRefGroup = B75029C719C9BEFD00A4AD84 /* Products */;
			projectDirPath = "";
			projectRoot = "";
			targets = (
				B75029C519C9BEFD00A4AD84 /* iPDS */,
			);
		};
/* End PBXProject section */

/* Begin PBXSourcesBuildPhase section */
		B75029C219C9BEFD00A4AD84 /* Sources */ = {
			isa = PBXSourcesBuildPhase;
			buildActionMask = 2147483647;
			files = (
				B75029CD19C9BEFD00A4AD84 /* main.m in Sources */,
			);
			runOnlyForDeploymentPostprocessing = 0;
		};
/* End PBXSourcesBuildPhase section */

/* Begin XCBuildConfiguration section */
		B75029D219C9BEFD00A4AD84 /* Debug */ = {
			isa = XCBuildConfiguration;
			buildSettings = {
				ALWAYS_SEARCH_USER_PATHS = NO;
				CLANG_CXX_LANGUAGE_STANDARD = "gnu++0x";
				CLANG_CXX_LIBRARY = "libc++";
				CLANG_ENABLE_MODULES = YES;
				CLANG_ENABLE_OBJC_ARC = YES;
				CLANG_WARN_BOOL_CONVERSION = YES;
				CLANG_WARN_CONSTANT_CONVERSION = YES;
				CLANG_WARN_DIRECT_OBJC_ISA_USAGE = YES_ERROR;
				CLANG_WARN_EMPTY_BODY = YES;
				CLANG_WARN_ENUM_CONVERSION = YES;
				CLANG_WARN_INT_CONVERSION = YES;
				CLANG_WARN_OBJC_ROOT_CLASS = YES_ERROR;
				CLANG_WARN__DUPLICATE_METHOD_MATCH = YES;
				COPY_PHASE_STRIP = NO;
				GCC_C_LANGUAGE_STANDARD = gnu99;
				GCC_DYNAMIC_NO_PIC = NO;
				GCC_ENABLE_OBJC_EXCEPTIONS = YES;
				GCC_OPTIMIZATION_LEVEL = 0;
				GCC_PREPROCESSOR_DEFINITIONS = (
					"DEBUG=1",
					"$(inherited)",
				);
				GCC_SYMBOLS_PRIVATE_EXTERN = NO;
				GCC_WARN_64_TO_32_BIT_CONVERSION = YES;
				GCC_WARN_ABOUT_RETURN_TYPE = YES_ERROR;
				GCC_WARN_UNDECLARED_SELECTOR = YES;
				GCC_WARN_UNINITIALIZED_AUTOS = YES_AGGRESSIVE;
				GCC_WARN_UNUSED_FUNCTION = YES;
				GCC_WARN_UNUSED_VARIABLE = YES;
				MACOSX_DEPLOYMENT_TARGET = 10.9;
				ONLY_ACTIVE_ARCH = YES;
				SDKROOT = macosx;
			};
			name = Debug;
		};
		B75029D319C9BEFD00A4AD84 /* Release */ = {
			isa = XCBuildConfiguration;
			buildSettings = {
				ALWAYS_SEARCH_USER_PATHS = NO;
				CLANG_CXX_LANGUAGE_STANDARD = "gnu++0x";
				CLANG_CXX_LIBRARY = "libc++";
				CLANG_ENABLE_MODULES = YES;
				CLANG_ENABLE_OBJC_ARC = YES;
				CLANG_WARN_BOOL_CONVERSION = YES;
				CLANG_WARN_CONSTANT_CONVERSION = YES;
				CLANG_WARN_DIRECT_OBJC_ISA_USAGE = YES_ERROR;
				CLANG_WARN_EMPTY_BODY = YES;
				CLANG_WARN_ENUM_CONVERSION = YES;
				CLANG_WARN_INT_CONVERSION = YES;
				CLANG_WARN_OBJC_ROOT_CLASS = YES_ERROR;
				CLANG_WARN__DUPLICATE_METHOD_MATCH = YES;
				COPY_PHASE_STRIP = YES;
				DEBUG_INFORMATION_FORMAT = "dwarf-with-dsym";
				ENABLE_NS_ASSERTIONS = NO;
				GCC_C_LANGUAGE_STANDARD = gnu99;
				GCC_ENABLE_OBJC_EXCEPTIONS = YES;
				GCC_WARN_64_TO_32_BIT_CONVERSION = YES;
				GCC_WARN_ABOUT_RETURN_TYPE = YES_ERROR;
				GCC_WARN_UNDECLARED_SELECTOR = YES;
				GCC_WARN_UNINITIALIZED_AUTOS = YES_AGGRESSIVE;
				GCC_WARN_UNUSED_FUNCTION = YES;
				GCC_WARN_UNUSED_VARIABLE = YES;
				MACOSX_DEPLOYMENT_TARGET = 10.9;
				SDKROOT = macosx;
			};
			name = Release;
		};
		B75029D519C9BEFD00A4AD84 /* Debug */ = {
			isa = XCBuildConfiguration;
			buildSettings = {
				GCC_PRECOMPILE_PREFIX_HEADER = YES;
				GCC_PREFIX_HEADER = "iPDS/iPDS-Prefix.pch";
				PRODUCT_NAME = "$(TARGET_NAME)";
			};
			name = Debug;
		};
		B75029D619C9BEFD00A4AD84 /* Release */ = {
			isa = XCBuildConfiguration;
			buildSettings = {
				GCC_PRECOMPILE_PREFIX_HEADER = YES;
				GCC_PREFIX_HEADER = "iPDS/iPDS-Prefix.pch";
				PRODUCT_NAME = "$(TARGET_NAME)";
			};
			name = Release;
		};
/* End XCBuildConfiguration section */

/* Begin XCConfigurationList section */
		B75029C119C9BEFD00A4AD84 /* Build configuration list for PBXProject "iPDS" */ = {
			isa = XCConfigurationList;
			buildConfigurations = (
				B75029D219C9BEFD00A4AD84 /* Debug */,
				B75029D319C9BEFD00A4AD84 /* Release */,
			);
			defaultConfigurationIsVisible = 0;
			defaultConfigurationName = Release;
		};
		B75029D419C9BEFD00A4AD84 /* Build configuration list for PBXNativeTarget "iPDS" */ = {
			isa = XCConfigurationList;
			buildConfigurations = (
				B75029D519C9BEFD00A4AD84 /* Debug */,
				B75029D619C9BEFD00A4AD84 /* Release */,
			);
			defaultConfigurationIsVisible = 0;
		};
/* End XCConfigurationList section */
	};
	rootObject = B75029BE19C9BEFD00A4AD84 /* Project object */;
}
